{
  "requires": true,
  "lockfileVersion": 1,
  "dependencies": {
    "gitbook-plugin-back-to-top-button": {
      "version": "0.1.4",
      "resolved": "https://registry.npmjs.org/gitbook-plugin-back-to-top-button/-/gitbook-plugin-back-to-top-button-0.1.4.tgz",
      "integrity": "sha512-B97MdUp4YhNkSmEc1v+5E21nRaI+ppNKjz2oZelZ8DTuumOMe/e0QizXC2ymxO8iYPkWuaqzaeGedHpxRq/Yhw=="
    },
    "gitbook-plugin-cuav-chapters": {
      "version": "1.0.3",
      "resolved": "https://registry.npmjs.org/gitbook-plugin-cuav-chapters/-/gitbook-plugin-cuav-chapters-1.0.3.tgz",
      "integrity": "sha512-jLfyGaXPbDKqbhgYElXnRuSFyFuh8/CMx2jhiwlH/mO31D3+oIz0/csLAfxlXJzgXk/I5/RnNdXl0MbDnUk/aQ=="
    },
    "gitbook-plugin-heading-anchors": {
      "version": "1.0.3",
      "resolved": "https://registry.npmjs.org/gitbook-plugin-heading-anchors/-/gitbook-plugin-heading-anchors-1.0.3.tgz",
      "integrity": "sha512-yseai9/apmsOBfIULvM+TCsXboR5zPW1MFncw2AoXOwdu2iQ4moYmRQqRqDACEzkfIcBnzEMHbE9l+s3GSKxCQ=="
    },
    "gitbook-plugin-theme-comscore": {
      "version": "0.0.3",
      "resolved": "https://registry.npmjs.org/gitbook-plugin-theme-comscore/-/gitbook-plugin-theme-comscore-0.0.3.tgz",
      "integrity": "sha512-GNxYW3n10Pa6EAGx+7+dDVcyf7VambzyO6Mt5Y3x62fntyIOQWtqX46RgMZuhHbOtIeN/BR6T0DKlwoeUhmY0w=="
    },
    "gitbook-plugin-theme-fexa": {
      "version": "1.0.6",
      "resolved": "https://registry.npmjs.org/gitbook-plugin-theme-fexa/-/gitbook-plugin-theme-fexa-1.0.6.tgz",
      "integrity": "sha512-Yl/YbGq8E4lplZQB8fkUr78OJfJ9KE4xqYCKel/Zk0RriIIFbCqhYvwGldsneUbn5Za/Wr5+tYrhHqYyRRvlqw=="
    }
  }
}
